
Microsoft Visual Studio Solution File, Format Version 12.00
# Visual Studio Version 17
VisualStudioVersion = 17.12.35728.132
MinimumVisualStudioVersion = 10.0.40219.1
Project("{FAE04EC0-301F-11D3-BF4B-00C04F79EFBC}") = "FinancialMonitor", "FinancialMonitor\FinancialMonitor.csproj", "{628CDAD5-647B-4EC3-A2EF-C655DD387E6E}"
EndProject
Project("{FAE04EC0-301F-11D3-BF4B-00C04F79EFBC}") = "FinancialMonitor.Tests", "FinancialMonitor.Tests\FinancialMonitor.Tests.csproj", "{13D9F7AF-124E-44C0-B076-77C64F15A930}"
EndProject
Global
	GlobalSection(SolutionConfigurationPlatforms) = preSolution
		Debug|Any CPU = Debug|Any CPU
		Release|Any CPU = Release|Any CPU
	EndGlobalSection
	GlobalSection(ProjectConfigurationPlatforms) = postSolution
		{628CDAD5-647B-4EC3-A2EF-C655DD387E6E}.Debug|Any CPU.ActiveCfg = Debug|Any CPU
		{628CDAD5-647B-4EC3-A2EF-C655DD387E6E}.Debug|Any CPU.Build.0 = Debug|Any CPU
		{628CDAD5-647B-4EC3-A2EF-C655DD387E6E}.Release|Any CPU.ActiveCfg = Release|Any CPU
		{628CDAD5-647B-4EC3-A2EF-C655DD387E6E}.Release|Any CPU.Build.0 = Release|Any CPU
		{13D9F7AF-124E-44C0-B076-77C64F15A930}.Debug|Any CPU.ActiveCfg = Debug|Any CPU
		{13D9F7AF-124E-44C0-B076-77C64F15A930}.Debug|Any CPU.Build.0 = Debug|Any CPU
		{13D9F7AF-124E-44C0-B076-77C64F15A930}.Release|Any CPU.ActiveCfg = Release|Any CPU
		{13D9F7AF-124E-44C0-B076-77C64F15A930}.Release|Any CPU.Build.0 = Release|Any CPU
	EndGlobalSection
	GlobalSection(SolutionProperties) = preSolution
		HideSolutionNode = FALSE
	EndGlobalSection
EndGlobal
